Microsoft Visual Studio Solution File, Format Version 12.00
# Visual Studio Version 17
VisualStudioVersion = 17.5.2.0
MinimumVisualStudioVersion = 10.0.40219.1
Project("{2150E333-8FDC-42A3-9474-1A3956D46DE8}") = "src", "src", "{827E0CD3-B72D-47B6-A68D-7590B98EB39B}"
EndProject
Project("{FAE04EC0-301F-11D3-BF4B-00C04F79EFBC}") = "WEWE.Mobile", "src\WEWE.Mobile\WEWE.Mobile.csproj", "{6F70161A-374C-9FDF-2EA8-AD4F48F6244E}"
EndProject
Global
	GlobalSection(SolutionConfigurationPlatforms) = preSolution
		Debug|Any CPU = Debug|Any CPU
		Release|Any CPU = Release|Any CPU
	EndGlobalSection
	GlobalSection(ProjectConfigurationPlatforms) = postSolution
		{6F70161A-374C-9FDF-2EA8-AD4F48F6244E}.Debug|Any CPU.ActiveCfg = Debug|Any CPU
		{6F70161A-374C-9FDF-2EA8-AD4F48F6244E}.Debug|Any CPU.Build.0 = Debug|Any CPU
		{6F70161A-374C-9FDF-2EA8-AD4F48F6244E}.Release|Any CPU.ActiveCfg = Release|Any CPU
		{6F70161A-374C-9FDF-2EA8-AD4F48F6244E}.Release|Any CPU.Build.0 = Release|Any CPU
	EndGlobalSection
	GlobalSection(SolutionProperties) = preSolution
		HideSolutionNode = FALSE
	EndGlobalSection
	GlobalSection(NestedProjects) = preSolution
		{6F70161A-374C-9FDF-2EA8-AD4F48F6244E} = {827E0CD3-B72D-47B6-A68D-7590B98EB39B}
	EndGlobalSection
	GlobalSection(ExtensibilityGlobals) = postSolution
		SolutionGuid = {D4CD1762-B13C-4EC9-8A30-78F71446F40A}
	EndGlobalSection
EndGlobal
